
Microsoft Visual Studio Solution File, Format Version 12.00
# Visual Studio Version 17
VisualStudioVersion = 17.3.32922.545
MinimumVisualStudioVersion = 10.0.40219.1
Project("{8BC9CEB8-8B4A-11D0-8D11-00A0C91BC942}") = "MockDemoCppDll", "MockDemoCppDll.vcxproj", "{700ADBC7-2ED8-41CB-9172-CF314B215F51}"
EndProject
Project("{FAE04EC0-301F-11D3-BF4B-00C04F79EFBC}") = "MockDemoWrap", "MockDemoWrap.csproj", "{D1C9F8D0-2B0A-4FE1-B2D3-D825D97B1125}"
	ProjectSection(ProjectDependencies) = postProject
		{700ADBC7-2ED8-41CB-9172-CF314B215F51} = {700ADBC7-2ED8-41CB-9172-CF314B215F51}
	EndProjectSection
EndProject
Project("{FAE04EC0-301F-11D3-BF4B-00C04F79EFBC}") = "MockDemoExe", "..\MockDemoExe\MockDemoExe.csproj", "{F375BD18-B0DA-4B5E-B073-39454F1552FA}"
EndProject
Global
	GlobalSection(SolutionConfigurationPlatforms) = preSolution
		Debug|Any CPU = Debug|Any CPU
		Debug|x64 = Debug|x64
		Debug|x86 = Debug|x86
		Release|Any CPU = Release|Any CPU
		Release|x64 = Release|x64
		Release|x86 = Release|x86
	EndGlobalSection
	GlobalSection(ProjectConfigurationPlatforms) = postSolution
		{700ADBC7-2ED8-41CB-9172-CF314B215F51}.Debug|Any CPU.ActiveCfg = Debug|x64
		{700ADBC7-2ED8-41CB-9172-CF314B215F51}.Debug|Any CPU.Build.0 = Debug|x64
		{700ADBC7-2ED8-41CB-9172-CF314B215F51}.Debug|x64.ActiveCfg = Debug|x64
		{700ADBC7-2ED8-41CB-9172-CF314B215F51}.Debug|x64.Build.0 = Debug|x64
		{700ADBC7-2ED8-41CB-9172-CF314B215F51}.Debug|x86.ActiveCfg = Debug|x64
		{700ADBC7-2ED8-41CB-9172-CF314B215F51}.Release|Any CPU.ActiveCfg = Release|x64
		{700ADBC7-2ED8-41CB-9172-CF314B215F51}.Release|Any CPU.Build.0 = Release|x64
		{700ADBC7-2ED8-41CB-9172-CF314B215F51}.Release|x64.ActiveCfg = Release|x64
		{700ADBC7-2ED8-41CB-9172-CF314B215F51}.Release|x64.Build.0 = Release|x64
		{700ADBC7-2ED8-41CB-9172-CF314B215F51}.Release|x86.ActiveCfg = Release|x64
		{D1C9F8D0-2B0A-4FE1-B2D3-D825D97B1125}.Debug|Any CPU.ActiveCfg = Debug|Any CPU
		{D1C9F8D0-2B0A-4FE1-B2D3-D825D97B1125}.Debug|Any CPU.Build.0 = Debug|Any CPU
		{D1C9F8D0-2B0A-4FE1-B2D3-D825D97B1125}.Debug|x64.ActiveCfg = Debug|x64
		{D1C9F8D0-2B0A-4FE1-B2D3-D825D97B1125}.Debug|x64.Build.0 = Debug|x64
		{D1C9F8D0-2B0A-4FE1-B2D3-D825D97B1125}.Debug|x86.ActiveCfg = Debug|Any CPU
		{D1C9F8D0-2B0A-4FE1-B2D3-D825D97B1125}.Debug|x86.Build.0 = Debug|Any CPU
		{D1C9F8D0-2B0A-4FE1-B2D3-D825D97B1125}.Release|Any CPU.ActiveCfg = Release|Any CPU
		{D1C9F8D0-2B0A-4FE1-B2D3-D825D97B1125}.Release|Any CPU.Build.0 = Release|Any CPU
		{D1C9F8D0-2B0A-4FE1-B2D3-D825D97B1125}.Release|x64.ActiveCfg = Release|x64
		{D1C9F8D0-2B0A-4FE1-B2D3-D825D97B1125}.Release|x64.Build.0 = Release|x64
		{D1C9F8D0-2B0A-4FE1-B2D3-D825D97B1125}.Release|x86.ActiveCfg = Release|Any CPU
		{D1C9F8D0-2B0A-4FE1-B2D3-D825D97B1125}.Release|x86.Build.0 = Release|Any CPU
		{F375BD18-B0DA-4B5E-B073-39454F1552FA}.Debug|Any CPU.ActiveCfg = Debug|Any CPU
		{F375BD18-B0DA-4B5E-B073-39454F1552FA}.Debug|Any CPU.Build.0 = Debug|Any CPU
		{F375BD18-B0DA-4B5E-B073-39454F1552FA}.Debug|x64.ActiveCfg = Debug|Any CPU
		{F375BD18-B0DA-4B5E-B073-39454F1552FA}.Debug|x64.Build.0 = Debug|Any CPU
		{F375BD18-B0DA-4B5E-B073-39454F1552FA}.Debug|x86.ActiveCfg = Debug|Any CPU
		{F375BD18-B0DA-4B5E-B073-39454F1552FA}.Debug|x86.Build.0 = Debug|Any CPU
		{F375BD18-B0DA-4B5E-B073-39454F1552FA}.Release|Any CPU.ActiveCfg = Release|Any CPU
		{F375BD18-B0DA-4B5E-B073-39454F1552FA}.Release|Any CPU.Build.0 = Release|Any CPU
		{F375BD18-B0DA-4B5E-B073-39454F1552FA}.Release|x64.ActiveCfg = Release|Any CPU
		{F375BD18-B0DA-4B5E-B073-39454F1552FA}.Release|x64.Build.0 = Release|Any CPU
		{F375BD18-B0DA-4B5E-B073-39454F1552FA}.Release|x86.ActiveCfg = Release|Any CPU
		{F375BD18-B0DA-4B5E-B073-39454F1552FA}.Release|x86.Build.0 = Release|Any CPU
	EndGlobalSection
	GlobalSection(SolutionProperties) = preSolution
		HideSolutionNode = FALSE
	EndGlobalSection
	GlobalSection(ExtensibilityGlobals) = postSolution
		SolutionGuid = {DDC68F05-9F8F-499D-A4A1-D5516AA9C132}
	EndGlobalSection
EndGlobal
